
Microsoft Visual Studio Solution File, Format Version 12.00
# Visual Studio Version 17
VisualStudioVersion = 17.5.33424.131
MinimumVisualStudioVersion = 10.0.40219.1
Project("{8BC9CEB8-8B4A-11D0-8D11-00A0C91BC942}") = "ITSA_38", "ITSA_38\ITSA_38.vcxproj", "{3DBD6445-96FD-4C37-BE6E-D411FE2254EF}"
EndProject
Global
	GlobalSection(SolutionConfigurationPlatforms) = preSolution
		Debug|x64 = Debug|x64
		Debug|x86 = Debug|x86
		Release|x64 = Release|x64
		Release|x86 = Release|x86
	EndGlobalSection
	GlobalSection(ProjectConfigurationPlatforms) = postSolution
		{3DBD6445-96FD-4C37-BE6E-D411FE2254EF}.Debug|x64.ActiveCfg = Debug|x64
		{3DBD6445-96FD-4C37-BE6E-D411FE2254EF}.Debug|x64.Build.0 = Debug|x64
		{3DBD6445-96FD-4C37-BE6E-D411FE2254EF}.Debug|x86.ActiveCfg = Debug|Win32
		{3DBD6445-96FD-4C37-BE6E-D411FE2254EF}.Debug|x86.Build.0 = Debug|Win32
		{3DBD6445-96FD-4C37-BE6E-D411FE2254EF}.Release|x64.ActiveCfg = Release|x64
		{3DBD6445-96FD-4C37-BE6E-D411FE2254EF}.Release|x64.Build.0 = Release|x64
		{3DBD6445-96FD-4C37-BE6E-D411FE2254EF}.Release|x86.ActiveCfg = Release|Win32
		{3DBD6445-96FD-4C37-BE6E-D411FE2254EF}.Release|x86.Build.0 = Release|Win32
	EndGlobalSection
	GlobalSection(SolutionProperties) = preSolution
		HideSolutionNode = FALSE
	EndGlobalSection
	GlobalSection(ExtensibilityGlobals) = postSolution
		SolutionGuid = {FEB0BDEE-6F99-4056-AE2C-8353CAE3BEAB}
	EndGlobalSection
EndGlobal
